
Microsoft Visual Studio Solution File, Format Version 12.00
# Visual Studio 14
VisualStudioVersion = 14.0.24720.0
MinimumVisualStudioVersion = 10.0.40219.1
Project("{FAE04EC0-301F-11D3-BF4B-00C04F79EFBC}") = "pr0Notify", "Pr0Notify\pr0Notify.csproj", "{D7B93ABA-E1C8-4777-BDAD-FFFCEC5D0B4F}"
EndProject
Project("{FAE04EC0-301F-11D3-BF4B-00C04F79EFBC}") = "Pr0Notify2", "Pr0Notify2\Pr0Notify2.csproj", "{3F7E7B1E-609A-4354-A804-8D287D3DDA48}"
EndProject
Global
	GlobalSection(SolutionConfigurationPlatforms) = preSolution
		Debug|Any CPU = Debug|Any CPU
		Release|Any CPU = Release|Any CPU
	EndGlobalSection
	GlobalSection(ProjectConfigurationPlatforms) = postSolution
		{D7B93ABA-E1C8-4777-BDAD-FFFCEC5D0B4F}.Debug|Any CPU.ActiveCfg = Debug|Any CPU
		{D7B93ABA-E1C8-4777-BDAD-FFFCEC5D0B4F}.Debug|Any CPU.Build.0 = Debug|Any CPU
		{D7B93ABA-E1C8-4777-BDAD-FFFCEC5D0B4F}.Release|Any CPU.ActiveCfg = Release|Any CPU
		{D7B93ABA-E1C8-4777-BDAD-FFFCEC5D0B4F}.Release|Any CPU.Build.0 = Release|Any CPU
		{3F7E7B1E-609A-4354-A804-8D287D3DDA48}.Debug|Any CPU.ActiveCfg = Debug|Any CPU
		{3F7E7B1E-609A-4354-A804-8D287D3DDA48}.Debug|Any CPU.Build.0 = Debug|Any CPU
		{3F7E7B1E-609A-4354-A804-8D287D3DDA48}.Release|Any CPU.ActiveCfg = Release|Any CPU
		{3F7E7B1E-609A-4354-A804-8D287D3DDA48}.Release|Any CPU.Build.0 = Release|Any CPU
	EndGlobalSection
	GlobalSection(SolutionProperties) = preSolution
		HideSolutionNode = FALSE
	EndGlobalSection
EndGlobal
